
Microsoft Visual Studio Solution File, Format Version 12.00
# Visual Studio 15
VisualStudioVersion = 15.0.27130.2036
MinimumVisualStudioVersion = 10.0.40219.1
Project("{8BC9CEB8-8B4A-11D0-8D11-00A0C91BC942}") = "libiotest", "testing\libiotest\libiotest.vcxproj", "{BB1C8FD4-B4D9-46EC-B115-20323FF8742A}"
EndProject
Project("{8BC9CEB8-8B4A-11D0-8D11-00A0C91BC942}") = "Fix_dbf", "ConsoleApplication1\ConsoleApplication1.vcxproj", "{DE9C7C5B-B4D7-4BC4-9FC6-860093C7DBE1}"
EndProject
Project("{8BC9CEB8-8B4A-11D0-8D11-00A0C91BC942}") = "libio", "src\IO\libio.vcxproj", "{A3400EE0-87C5-4FCC-A551-359CDEA8C97E}"
EndProject
Project("{8BC9CEB8-8B4A-11D0-8D11-00A0C91BC942}") = "RawRecoveryConsole", "RawRecoveryConsole\RawRecoveryConsole.vcxproj", "{B12702AD-ABFB-343A-A199-8E24837244A3}"
EndProject
Project("{8BC9CEB8-8B4A-11D0-8D11-00A0C91BC942}") = "JsonReader", "JsonReader\JsonReader.vcxproj", "{6E837A5F-BD95-4036-A04D-C4B0F8733705}"
EndProject
Project("{8BC9CEB8-8B4A-11D0-8D11-00A0C91BC942}") = "MsSql", "MsSql\MsSql.vcxproj", "{1FD69D22-8B7D-43C2-9E7A-7CB2A9A92771}"
EndProject
Global
	GlobalSection(SolutionConfigurationPlatforms) = preSolution
		Debug|x64 = Debug|x64
		Debug|x86 = Debug|x86
		Release|x64 = Release|x64
		Release|x86 = Release|x86
	EndGlobalSection
	GlobalSection(ProjectConfigurationPlatforms) = postSolution
		{BB1C8FD4-B4D9-46EC-B115-20323FF8742A}.Debug|x64.ActiveCfg = Debug|x64
		{BB1C8FD4-B4D9-46EC-B115-20323FF8742A}.Debug|x64.Build.0 = Debug|x64
		{BB1C8FD4-B4D9-46EC-B115-20323FF8742A}.Debug|x86.ActiveCfg = Debug|Win32
		{BB1C8FD4-B4D9-46EC-B115-20323FF8742A}.Debug|x86.Build.0 = Debug|Win32
		{BB1C8FD4-B4D9-46EC-B115-20323FF8742A}.Release|x64.ActiveCfg = Release|x64
		{BB1C8FD4-B4D9-46EC-B115-20323FF8742A}.Release|x64.Build.0 = Release|x64
		{BB1C8FD4-B4D9-46EC-B115-20323FF8742A}.Release|x86.ActiveCfg = Release|Win32
		{BB1C8FD4-B4D9-46EC-B115-20323FF8742A}.Release|x86.Build.0 = Release|Win32
		{DE9C7C5B-B4D7-4BC4-9FC6-860093C7DBE1}.Debug|x64.ActiveCfg = Debug|x64
		{DE9C7C5B-B4D7-4BC4-9FC6-860093C7DBE1}.Debug|x64.Build.0 = Debug|x64
		{DE9C7C5B-B4D7-4BC4-9FC6-860093C7DBE1}.Debug|x86.ActiveCfg = Debug|Win32
		{DE9C7C5B-B4D7-4BC4-9FC6-860093C7DBE1}.Debug|x86.Build.0 = Debug|Win32
		{DE9C7C5B-B4D7-4BC4-9FC6-860093C7DBE1}.Release|x64.ActiveCfg = Release|x64
		{DE9C7C5B-B4D7-4BC4-9FC6-860093C7DBE1}.Release|x64.Build.0 = Release|x64
		{DE9C7C5B-B4D7-4BC4-9FC6-860093C7DBE1}.Release|x86.ActiveCfg = Release|Win32
		{DE9C7C5B-B4D7-4BC4-9FC6-860093C7DBE1}.Release|x86.Build.0 = Release|Win32
		{A3400EE0-87C5-4FCC-A551-359CDEA8C97E}.Debug|x64.ActiveCfg = Debug|x64
		{A3400EE0-87C5-4FCC-A551-359CDEA8C97E}.Debug|x64.Build.0 = Debug|x64
		{A3400EE0-87C5-4FCC-A551-359CDEA8C97E}.Debug|x86.ActiveCfg = Debug|Win32
		{A3400EE0-87C5-4FCC-A551-359CDEA8C97E}.Debug|x86.Build.0 = Debug|Win32
		{A3400EE0-87C5-4FCC-A551-359CDEA8C97E}.Release|x64.ActiveCfg = Release|x64
		{A3400EE0-87C5-4FCC-A551-359CDEA8C97E}.Release|x64.Build.0 = Release|x64
		{A3400EE0-87C5-4FCC-A551-359CDEA8C97E}.Release|x86.ActiveCfg = Release|Win32
		{A3400EE0-87C5-4FCC-A551-359CDEA8C97E}.Release|x86.Build.0 = Release|Win32
		{B12702AD-ABFB-343A-A199-8E24837244A3}.Debug|x64.ActiveCfg = Debug|x64
		{B12702AD-ABFB-343A-A199-8E24837244A3}.Debug|x64.Build.0 = Debug|x64
		{B12702AD-ABFB-343A-A199-8E24837244A3}.Debug|x86.ActiveCfg = Debug|x64
		{B12702AD-ABFB-343A-A199-8E24837244A3}.Release|x64.ActiveCfg = Release|x64
		{B12702AD-ABFB-343A-A199-8E24837244A3}.Release|x64.Build.0 = Release|x64
		{B12702AD-ABFB-343A-A199-8E24837244A3}.Release|x86.ActiveCfg = Release|x64
		{6E837A5F-BD95-4036-A04D-C4B0F8733705}.Debug|x64.ActiveCfg = Debug|x64
		{6E837A5F-BD95-4036-A04D-C4B0F8733705}.Debug|x64.Build.0 = Debug|x64
		{6E837A5F-BD95-4036-A04D-C4B0F8733705}.Debug|x86.ActiveCfg = Debug|x64
		{6E837A5F-BD95-4036-A04D-C4B0F8733705}.Release|x64.ActiveCfg = Release|x64
		{6E837A5F-BD95-4036-A04D-C4B0F8733705}.Release|x64.Build.0 = Release|x64
		{6E837A5F-BD95-4036-A04D-C4B0F8733705}.Release|x86.ActiveCfg = Release|x64
		{1FD69D22-8B7D-43C2-9E7A-7CB2A9A92771}.Debug|x64.ActiveCfg = Debug|x64
		{1FD69D22-8B7D-43C2-9E7A-7CB2A9A92771}.Debug|x64.Build.0 = Debug|x64
		{1FD69D22-8B7D-43C2-9E7A-7CB2A9A92771}.Debug|x86.ActiveCfg = Debug|x64
		{1FD69D22-8B7D-43C2-9E7A-7CB2A9A92771}.Release|x64.ActiveCfg = Release|x64
		{1FD69D22-8B7D-43C2-9E7A-7CB2A9A92771}.Release|x64.Build.0 = Release|x64
		{1FD69D22-8B7D-43C2-9E7A-7CB2A9A92771}.Release|x86.ActiveCfg = Release|x64
	EndGlobalSection
	GlobalSection(SolutionProperties) = preSolution
		HideSolutionNode = FALSE
	EndGlobalSection
	GlobalSection(ExtensibilityGlobals) = postSolution
		SolutionGuid = {935FD6FC-7F54-4EE1-AE27-4389056DF421}
	EndGlobalSection
EndGlobal
