
Microsoft Visual Studio Solution File, Format Version 12.00
# Visual Studio 15
VisualStudioVersion = 15.0.27130.2036
MinimumVisualStudioVersion = 10.0.40219.1
Project("{8BC9CEB8-8B4A-11D0-8D11-00A0C91BC942}") = "libiotest", "testing\libiotest\libiotest.vcxproj", "{BB1C8FD4-B4D9-46EC-B115-20323FF8742A}"
EndProject
Project("{8BC9CEB8-8B4A-11D0-8D11-00A0C91BC942}") = "testHeaderToNulls", "ConsoleApplication1\ConsoleApplication1.vcxproj", "{DE9C7C5B-B4D7-4BC4-9FC6-860093C7DBE1}"
EndProject
Project("{8BC9CEB8-8B4A-11D0-8D11-00A0C91BC942}") = "libio", "src\IO\libio.vcxproj", "{A3400EE0-87C5-4FCC-A551-359CDEA8C97E}"
EndProject
Project("{8BC9CEB8-8B4A-11D0-8D11-00A0C91BC942}") = "RawRecoveryConsole", "RawRecoveryConsole\RawRecoveryConsole.vcxproj", "{B12702AD-ABFB-343A-A199-8E24837244A3}"
EndProject
Project("{8BC9CEB8-8B4A-11D0-8D11-00A0C91BC942}") = "JsonReader", "JsonReader\JsonReader.vcxproj", "{6E837A5F-BD95-4036-A04D-C4B0F8733705}"
EndProject
Project("{2150E333-8FDC-42A3-9474-1A3956D46DE8}") = "lib", "lib", "{595EE49B-FE2E-4BBB-BB4A-166985AF1EBB}"
EndProject
Project("{2150E333-8FDC-42A3-9474-1A3956D46DE8}") = "console", "console", "{CB9F758D-004D-455B-83D9-D3492B36834F}"
EndProject
Project("{2150E333-8FDC-42A3-9474-1A3956D46DE8}") = "test", "test", "{F6F33BFE-ABDD-4DBA-82D7-DD9D63D66B74}"
EndProject
Project("{8BC9CEB8-8B4A-11D0-8D11-00A0C91BC942}") = "SignatureTestConsole", "SignatureTestConsole\SignatureTestConsole.vcxproj", "{4BD25A96-84A3-46B4-9DCA-D1DE2289CB8E}"
EndProject
Project("{2150E333-8FDC-42A3-9474-1A3956D46DE8}") = "gui", "gui", "{3BF7F899-F6A8-47A2-AE43-C5A6079BD298}"
EndProject
Project("{8BC9CEB8-8B4A-11D0-8D11-00A0C91BC942}") = "FSViewer", "FSViewer\FSViewer.vcxproj", "{7A38CB3B-46BB-4B12-BEF2-4EEAC9282762}"
EndProject
Project("{8BC9CEB8-8B4A-11D0-8D11-00A0C91BC942}") = "FileSystem", "FileSystem\FileSystem.vcxproj", "{C1870A94-FC6E-4386-AE70-9257E9E3360C}"
EndProject
Project("{8BC9CEB8-8B4A-11D0-8D11-00A0C91BC942}") = "libpdf", "src\libpdf\libpdf.vcxproj", "{5E05A079-7111-4CCC-89E3-CD5CC0788963}"
EndProject
Project("{8BC9CEB8-8B4A-11D0-8D11-00A0C91BC942}") = "PdfCheckerConsole", "PdfChecker\PdfChecker.vcxproj", "{25E7C402-13A6-4865-87A0-37675EABA997}"
EndProject
Project("{8BC9CEB8-8B4A-11D0-8D11-00A0C91BC942}") = "DataBases", "DataBases\DataBases.vcxproj", "{9DBE6636-B2EC-4E2F-AD76-A590C3BF0819}"
EndProject
Project("{FAE04EC0-301F-11D3-BF4B-00C04F79EFBC}") = "DataBasesNet", "DataBasesNet\DataBasesNet.csproj", "{2A7ECBD5-0393-4DD1-A03C-9BBF84E0FAF2}"
EndProject
Global
	GlobalSection(SolutionConfigurationPlatforms) = preSolution
		Debug|Any CPU = Debug|Any CPU
		Debug|x64 = Debug|x64
		Debug|x86 = Debug|x86
		Release|Any CPU = Release|Any CPU
		Release|x64 = Release|x64
		Release|x86 = Release|x86
	EndGlobalSection
	GlobalSection(ProjectConfigurationPlatforms) = postSolution
		{BB1C8FD4-B4D9-46EC-B115-20323FF8742A}.Debug|Any CPU.ActiveCfg = Debug|Win32
		{BB1C8FD4-B4D9-46EC-B115-20323FF8742A}.Debug|x64.ActiveCfg = Debug|x64
		{BB1C8FD4-B4D9-46EC-B115-20323FF8742A}.Debug|x64.Build.0 = Debug|x64
		{BB1C8FD4-B4D9-46EC-B115-20323FF8742A}.Debug|x86.ActiveCfg = Debug|Win32
		{BB1C8FD4-B4D9-46EC-B115-20323FF8742A}.Debug|x86.Build.0 = Debug|Win32
		{BB1C8FD4-B4D9-46EC-B115-20323FF8742A}.Release|Any CPU.ActiveCfg = Release|Win32
		{BB1C8FD4-B4D9-46EC-B115-20323FF8742A}.Release|x64.ActiveCfg = Release|x64
		{BB1C8FD4-B4D9-46EC-B115-20323FF8742A}.Release|x64.Build.0 = Release|x64
		{BB1C8FD4-B4D9-46EC-B115-20323FF8742A}.Release|x86.ActiveCfg = Release|Win32
		{BB1C8FD4-B4D9-46EC-B115-20323FF8742A}.Release|x86.Build.0 = Release|Win32
		{DE9C7C5B-B4D7-4BC4-9FC6-860093C7DBE1}.Debug|Any CPU.ActiveCfg = Debug|Win32
		{DE9C7C5B-B4D7-4BC4-9FC6-860093C7DBE1}.Debug|x64.ActiveCfg = Debug|x64
		{DE9C7C5B-B4D7-4BC4-9FC6-860093C7DBE1}.Debug|x64.Build.0 = Debug|x64
		{DE9C7C5B-B4D7-4BC4-9FC6-860093C7DBE1}.Debug|x86.ActiveCfg = Debug|Win32
		{DE9C7C5B-B4D7-4BC4-9FC6-860093C7DBE1}.Debug|x86.Build.0 = Debug|Win32
		{DE9C7C5B-B4D7-4BC4-9FC6-860093C7DBE1}.Release|Any CPU.ActiveCfg = Release|Win32
		{DE9C7C5B-B4D7-4BC4-9FC6-860093C7DBE1}.Release|x64.ActiveCfg = Release|x64
		{DE9C7C5B-B4D7-4BC4-9FC6-860093C7DBE1}.Release|x64.Build.0 = Release|x64
		{DE9C7C5B-B4D7-4BC4-9FC6-860093C7DBE1}.Release|x86.ActiveCfg = Release|Win32
		{DE9C7C5B-B4D7-4BC4-9FC6-860093C7DBE1}.Release|x86.Build.0 = Release|Win32
		{A3400EE0-87C5-4FCC-A551-359CDEA8C97E}.Debug|Any CPU.ActiveCfg = Debug|Win32
		{A3400EE0-87C5-4FCC-A551-359CDEA8C97E}.Debug|x64.ActiveCfg = Debug|x64
		{A3400EE0-87C5-4FCC-A551-359CDEA8C97E}.Debug|x64.Build.0 = Debug|x64
		{A3400EE0-87C5-4FCC-A551-359CDEA8C97E}.Debug|x86.ActiveCfg = Debug|Win32
		{A3400EE0-87C5-4FCC-A551-359CDEA8C97E}.Debug|x86.Build.0 = Debug|Win32
		{A3400EE0-87C5-4FCC-A551-359CDEA8C97E}.Release|Any CPU.ActiveCfg = Release|Win32
		{A3400EE0-87C5-4FCC-A551-359CDEA8C97E}.Release|x64.ActiveCfg = Release|x64
		{A3400EE0-87C5-4FCC-A551-359CDEA8C97E}.Release|x64.Build.0 = Release|x64
		{A3400EE0-87C5-4FCC-A551-359CDEA8C97E}.Release|x86.ActiveCfg = Release|Win32
		{A3400EE0-87C5-4FCC-A551-359CDEA8C97E}.Release|x86.Build.0 = Release|Win32
		{B12702AD-ABFB-343A-A199-8E24837244A3}.Debug|Any CPU.ActiveCfg = Debug|x64
		{B12702AD-ABFB-343A-A199-8E24837244A3}.Debug|x64.ActiveCfg = Debug|x64
		{B12702AD-ABFB-343A-A199-8E24837244A3}.Debug|x64.Build.0 = Debug|x64
		{B12702AD-ABFB-343A-A199-8E24837244A3}.Debug|x86.ActiveCfg = Debug|x64
		{B12702AD-ABFB-343A-A199-8E24837244A3}.Release|Any CPU.ActiveCfg = Release|x64
		{B12702AD-ABFB-343A-A199-8E24837244A3}.Release|x64.ActiveCfg = Release|x64
		{B12702AD-ABFB-343A-A199-8E24837244A3}.Release|x64.Build.0 = Release|x64
		{B12702AD-ABFB-343A-A199-8E24837244A3}.Release|x86.ActiveCfg = Release|x64
		{6E837A5F-BD95-4036-A04D-C4B0F8733705}.Debug|Any CPU.ActiveCfg = Debug|x64
		{6E837A5F-BD95-4036-A04D-C4B0F8733705}.Debug|x64.ActiveCfg = Debug|x64
		{6E837A5F-BD95-4036-A04D-C4B0F8733705}.Debug|x64.Build.0 = Debug|x64
		{6E837A5F-BD95-4036-A04D-C4B0F8733705}.Debug|x86.ActiveCfg = Debug|x64
		{6E837A5F-BD95-4036-A04D-C4B0F8733705}.Release|Any CPU.ActiveCfg = Release|x64
		{6E837A5F-BD95-4036-A04D-C4B0F8733705}.Release|x64.ActiveCfg = Release|x64
		{6E837A5F-BD95-4036-A04D-C4B0F8733705}.Release|x64.Build.0 = Release|x64
		{6E837A5F-BD95-4036-A04D-C4B0F8733705}.Release|x86.ActiveCfg = Release|x64
		{4BD25A96-84A3-46B4-9DCA-D1DE2289CB8E}.Debug|Any CPU.ActiveCfg = Debug|x64
		{4BD25A96-84A3-46B4-9DCA-D1DE2289CB8E}.Debug|x64.ActiveCfg = Debug|x64
		{4BD25A96-84A3-46B4-9DCA-D1DE2289CB8E}.Debug|x64.Build.0 = Debug|x64
		{4BD25A96-84A3-46B4-9DCA-D1DE2289CB8E}.Debug|x86.ActiveCfg = Debug|x64
		{4BD25A96-84A3-46B4-9DCA-D1DE2289CB8E}.Release|Any CPU.ActiveCfg = Release|x64
		{4BD25A96-84A3-46B4-9DCA-D1DE2289CB8E}.Release|x64.ActiveCfg = Release|x64
		{4BD25A96-84A3-46B4-9DCA-D1DE2289CB8E}.Release|x64.Build.0 = Release|x64
		{4BD25A96-84A3-46B4-9DCA-D1DE2289CB8E}.Release|x86.ActiveCfg = Release|x64
		{7A38CB3B-46BB-4B12-BEF2-4EEAC9282762}.Debug|Any CPU.ActiveCfg = Debug|x64
		{7A38CB3B-46BB-4B12-BEF2-4EEAC9282762}.Debug|x64.ActiveCfg = Debug|x64
		{7A38CB3B-46BB-4B12-BEF2-4EEAC9282762}.Debug|x64.Build.0 = Debug|x64
		{7A38CB3B-46BB-4B12-BEF2-4EEAC9282762}.Debug|x86.ActiveCfg = Debug|x64
		{7A38CB3B-46BB-4B12-BEF2-4EEAC9282762}.Release|Any CPU.ActiveCfg = Release|x64
		{7A38CB3B-46BB-4B12-BEF2-4EEAC9282762}.Release|x64.ActiveCfg = Release|x64
		{7A38CB3B-46BB-4B12-BEF2-4EEAC9282762}.Release|x64.Build.0 = Release|x64
		{7A38CB3B-46BB-4B12-BEF2-4EEAC9282762}.Release|x86.ActiveCfg = Release|x64
		{C1870A94-FC6E-4386-AE70-9257E9E3360C}.Debug|Any CPU.ActiveCfg = Debug|Win32
		{C1870A94-FC6E-4386-AE70-9257E9E3360C}.Debug|x64.ActiveCfg = Debug|x64
		{C1870A94-FC6E-4386-AE70-9257E9E3360C}.Debug|x64.Build.0 = Debug|x64
		{C1870A94-FC6E-4386-AE70-9257E9E3360C}.Debug|x86.ActiveCfg = Debug|Win32
		{C1870A94-FC6E-4386-AE70-9257E9E3360C}.Debug|x86.Build.0 = Debug|Win32
		{C1870A94-FC6E-4386-AE70-9257E9E3360C}.Release|Any CPU.ActiveCfg = Release|Win32
		{C1870A94-FC6E-4386-AE70-9257E9E3360C}.Release|x64.ActiveCfg = Release|x64
		{C1870A94-FC6E-4386-AE70-9257E9E3360C}.Release|x64.Build.0 = Release|x64
		{C1870A94-FC6E-4386-AE70-9257E9E3360C}.Release|x86.ActiveCfg = Release|Win32
		{C1870A94-FC6E-4386-AE70-9257E9E3360C}.Release|x86.Build.0 = Release|Win32
		{5E05A079-7111-4CCC-89E3-CD5CC0788963}.Debug|Any CPU.ActiveCfg = Debug|Win32
		{5E05A079-7111-4CCC-89E3-CD5CC0788963}.Debug|x64.ActiveCfg = Debug|x64
		{5E05A079-7111-4CCC-89E3-CD5CC0788963}.Debug|x86.ActiveCfg = Debug|Win32
		{5E05A079-7111-4CCC-89E3-CD5CC0788963}.Debug|x86.Build.0 = Debug|Win32
		{5E05A079-7111-4CCC-89E3-CD5CC0788963}.Release|Any CPU.ActiveCfg = Release|Win32
		{5E05A079-7111-4CCC-89E3-CD5CC0788963}.Release|x64.ActiveCfg = Release|x64
		{5E05A079-7111-4CCC-89E3-CD5CC0788963}.Release|x86.ActiveCfg = Release|Win32
		{5E05A079-7111-4CCC-89E3-CD5CC0788963}.Release|x86.Build.0 = Release|Win32
		{25E7C402-13A6-4865-87A0-37675EABA997}.Debug|Any CPU.ActiveCfg = Debug|Win32
		{25E7C402-13A6-4865-87A0-37675EABA997}.Debug|x64.ActiveCfg = Debug|x64
		{25E7C402-13A6-4865-87A0-37675EABA997}.Debug|x86.ActiveCfg = Debug|Win32
		{25E7C402-13A6-4865-87A0-37675EABA997}.Debug|x86.Build.0 = Debug|Win32
		{25E7C402-13A6-4865-87A0-37675EABA997}.Release|Any CPU.ActiveCfg = Release|Win32
		{25E7C402-13A6-4865-87A0-37675EABA997}.Release|x64.ActiveCfg = Release|x64
		{25E7C402-13A6-4865-87A0-37675EABA997}.Release|x86.ActiveCfg = Release|Win32
		{25E7C402-13A6-4865-87A0-37675EABA997}.Release|x86.Build.0 = Release|Win32
		{9DBE6636-B2EC-4E2F-AD76-A590C3BF0819}.Debug|Any CPU.ActiveCfg = Debug|x64
		{9DBE6636-B2EC-4E2F-AD76-A590C3BF0819}.Debug|x64.ActiveCfg = Debug|x64
		{9DBE6636-B2EC-4E2F-AD76-A590C3BF0819}.Debug|x64.Build.0 = Debug|x64
		{9DBE6636-B2EC-4E2F-AD76-A590C3BF0819}.Debug|x86.ActiveCfg = Debug|x64
		{9DBE6636-B2EC-4E2F-AD76-A590C3BF0819}.Release|Any CPU.ActiveCfg = Release|x64
		{9DBE6636-B2EC-4E2F-AD76-A590C3BF0819}.Release|x64.ActiveCfg = Release|x64
		{9DBE6636-B2EC-4E2F-AD76-A590C3BF0819}.Release|x64.Build.0 = Release|x64
		{9DBE6636-B2EC-4E2F-AD76-A590C3BF0819}.Release|x86.ActiveCfg = Release|x64
		{2A7ECBD5-0393-4DD1-A03C-9BBF84E0FAF2}.Debug|Any CPU.ActiveCfg = Debug|Any CPU
		{2A7ECBD5-0393-4DD1-A03C-9BBF84E0FAF2}.Debug|Any CPU.Build.0 = Debug|Any CPU
		{2A7ECBD5-0393-4DD1-A03C-9BBF84E0FAF2}.Debug|x64.ActiveCfg = Debug|Any CPU
		{2A7ECBD5-0393-4DD1-A03C-9BBF84E0FAF2}.Debug|x64.Build.0 = Debug|Any CPU
		{2A7ECBD5-0393-4DD1-A03C-9BBF84E0FAF2}.Debug|x86.ActiveCfg = Debug|Any CPU
		{2A7ECBD5-0393-4DD1-A03C-9BBF84E0FAF2}.Debug|x86.Build.0 = Debug|Any CPU
		{2A7ECBD5-0393-4DD1-A03C-9BBF84E0FAF2}.Release|Any CPU.ActiveCfg = Release|Any CPU
		{2A7ECBD5-0393-4DD1-A03C-9BBF84E0FAF2}.Release|Any CPU.Build.0 = Release|Any CPU
		{2A7ECBD5-0393-4DD1-A03C-9BBF84E0FAF2}.Release|x64.ActiveCfg = Release|Any CPU
		{2A7ECBD5-0393-4DD1-A03C-9BBF84E0FAF2}.Release|x64.Build.0 = Release|Any CPU
		{2A7ECBD5-0393-4DD1-A03C-9BBF84E0FAF2}.Release|x86.ActiveCfg = Release|Any CPU
		{2A7ECBD5-0393-4DD1-A03C-9BBF84E0FAF2}.Release|x86.Build.0 = Release|Any CPU
	EndGlobalSection
	GlobalSection(SolutionProperties) = preSolution
		HideSolutionNode = FALSE
	EndGlobalSection
	GlobalSection(NestedProjects) = preSolution
		{BB1C8FD4-B4D9-46EC-B115-20323FF8742A} = {F6F33BFE-ABDD-4DBA-82D7-DD9D63D66B74}
		{DE9C7C5B-B4D7-4BC4-9FC6-860093C7DBE1} = {CB9F758D-004D-455B-83D9-D3492B36834F}
		{A3400EE0-87C5-4FCC-A551-359CDEA8C97E} = {595EE49B-FE2E-4BBB-BB4A-166985AF1EBB}
		{B12702AD-ABFB-343A-A199-8E24837244A3} = {CB9F758D-004D-455B-83D9-D3492B36834F}
		{6E837A5F-BD95-4036-A04D-C4B0F8733705} = {595EE49B-FE2E-4BBB-BB4A-166985AF1EBB}
		{4BD25A96-84A3-46B4-9DCA-D1DE2289CB8E} = {CB9F758D-004D-455B-83D9-D3492B36834F}
		{7A38CB3B-46BB-4B12-BEF2-4EEAC9282762} = {3BF7F899-F6A8-47A2-AE43-C5A6079BD298}
		{C1870A94-FC6E-4386-AE70-9257E9E3360C} = {595EE49B-FE2E-4BBB-BB4A-166985AF1EBB}
		{5E05A079-7111-4CCC-89E3-CD5CC0788963} = {595EE49B-FE2E-4BBB-BB4A-166985AF1EBB}
		{25E7C402-13A6-4865-87A0-37675EABA997} = {CB9F758D-004D-455B-83D9-D3492B36834F}
		{9DBE6636-B2EC-4E2F-AD76-A590C3BF0819} = {CB9F758D-004D-455B-83D9-D3492B36834F}
		{2A7ECBD5-0393-4DD1-A03C-9BBF84E0FAF2} = {CB9F758D-004D-455B-83D9-D3492B36834F}
	EndGlobalSection
	GlobalSection(ExtensibilityGlobals) = postSolution
		SolutionGuid = {935FD6FC-7F54-4EE1-AE27-4389056DF421}
	EndGlobalSection
EndGlobal
