<?xml version="1.0" encoding="utf-8"?>
<Project ToolsVersion="4.0" xmlns="http://schemas.microsoft.com/developer/msbuild/2003">
  <ItemGroup>
    <Filter Include="Source Files">
      <UniqueIdentifier>{4FC737F1-C7A5-4376-A066-2A32D752A2FF}</UniqueIdentifier>
      <Extensions>cpp;c;cc;cxx;def;odl;idl;hpj;bat;asm;asmx</Extensions>
    </Filter>
    <Filter Include="Header Files">
      <UniqueIdentifier>{93995380-89BD-4b04-88EB-625FBE52EBFB}</UniqueIdentifier>
      <Extensions>h;hh;hpp;hxx;hm;inl;inc;xsd</Extensions>
    </Filter>
    <Filter Include="Resource Files">
      <UniqueIdentifier>{67DA6AB6-F800-4c08-8B7A-83BB121AAD01}</UniqueIdentifier>
      <Extensions>rc;ico;cur;bmp;dlg;rc2;rct;bin;rgs;gif;jpg;jpeg;jpe;resx;tiff;tif;png;wav;mfcribbon-ms</Extensions>
    </Filter>
  </ItemGroup>
  <ItemGroup>
    <ClCompile Include="XorAnalyzer.cpp">
      <Filter>Source Files</Filter>
    </ClCompile>
    <ClCompile Include="utility.cpp">
      <Filter>Source Files</Filter>
    </ClCompile>
    <ClCompile Include="error.cpp">
      <Filter>Source Files</Filter>
    </ClCompile>
    <ClCompile Include="iofunctions.cpp">
      <Filter>Source Files</Filter>
    </ClCompile>
    <ClCompile Include="BlockNumber.cpp">
      <Filter>Source Files</Filter>
    </ClCompile>
    <ClCompile Include="Entropy.cpp">
      <Filter>Source Files</Filter>
    </ClCompile>
    <ClCompile Include="factories.cpp">
      <Filter>Source Files</Filter>
    </ClCompile>
    <ClCompile Include="iofs.cpp">
      <Filter>Source Files</Filter>
    </ClCompile>
    <ClCompile Include="IOLibrary.cpp">
      <Filter>Source Files</Filter>
    </ClCompile>
    <ClCompile Include="MovRaw.cpp">
      <Filter>Source Files</Filter>
    </ClCompile>
    <ClCompile Include="QuickTime.cpp">
      <Filter>Source Files</Filter>
    </ClCompile>
    <ClCompile Include="SignatureTest.cpp">
      <Filter>Source Files</Filter>
    </ClCompile>
  </ItemGroup>
  <ItemGroup>
    <ClInclude Include="..\include\AbstractRaw.h">
      <Filter>Header Files</Filter>
    </ClInclude>
    <ClInclude Include="..\include\BlockNumber.h">
      <Filter>Header Files</Filter>
    </ClInclude>
    <ClInclude Include="..\include\calcRaid5Parity.h">
      <Filter>Header Files</Filter>
    </ClInclude>
    <ClInclude Include="..\include\cdw_raw.h">
      <Filter>Header Files</Filter>
    </ClInclude>
    <ClInclude Include="..\include\ChangeHeader.h">
      <Filter>Header Files</Filter>
    </ClInclude>
    <ClInclude Include="..\include\constants.h">
      <Filter>Header Files</Filter>
    </ClInclude>
    <ClInclude Include="..\include\dataarray.h">
      <Filter>Header Files</Filter>
    </ClInclude>
    <ClInclude Include="..\include\dbf.h">
      <Filter>Header Files</Filter>
    </ClInclude>
    <ClInclude Include="..\include\djvu_raw.h">
      <Filter>Header Files</Filter>
    </ClInclude>
    <ClInclude Include="..\include\DVR_raw.h">
      <Filter>Header Files</Filter>
    </ClInclude>
    <ClInclude Include="..\include\Entropy.h">
      <Filter>Header Files</Filter>
    </ClInclude>
    <ClInclude Include="..\include\error.h">
      <Filter>Header Files</Filter>
    </ClInclude>
    <ClInclude Include="..\include\ext2_raw.h">
      <Filter>Header Files</Filter>
    </ClInclude>
    <ClInclude Include="..\include\Factories.h">
      <Filter>Header Files</Filter>
    </ClInclude>
    <ClInclude Include="..\include\Finder.h">
      <Filter>Header Files</Filter>
    </ClInclude>
    <ClInclude Include="..\include\FireBird.h">
      <Filter>Header Files</Filter>
    </ClInclude>
    <ClInclude Include="..\include\func_utils.h">
      <Filter>Header Files</Filter>
    </ClInclude>
    <ClInclude Include="..\include\GoPro.h">
      <Filter>Header Files</Filter>
    </ClInclude>
    <ClInclude Include="..\include\HexTexRaw.h">
      <Filter>Header Files</Filter>
    </ClInclude>
    <ClInclude Include="..\include\IODevice.h">
      <Filter>Header Files</Filter>
    </ClInclude>
    <ClInclude Include="..\include\iofs.h">
      <Filter>Header Files</Filter>
    </ClInclude>
    <ClInclude Include="..\include\iofunctions.h">
      <Filter>Header Files</Filter>
    </ClInclude>
    <ClInclude Include="..\include\iolibrary_global.h">
      <Filter>Header Files</Filter>
    </ClInclude>
    <ClInclude Include="..\include\jpeg.h">
      <Filter>Header Files</Filter>
    </ClInclude>
    <ClInclude Include="..\include\keychainraw.h">
      <Filter>Header Files</Filter>
    </ClInclude>
    <ClInclude Include="..\include\log.h">
      <Filter>Header Files</Filter>
    </ClInclude>
    <ClInclude Include="..\include\MLV_raw.h">
      <Filter>Header Files</Filter>
    </ClInclude>
    <ClInclude Include="..\include\MovRaw.h">
      <Filter>Header Files</Filter>
    </ClInclude>
    <ClInclude Include="..\include\MovRename.h">
      <Filter>Header Files</Filter>
    </ClInclude>
    <ClInclude Include="..\include\pageaddition.h">
      <Filter>Header Files</Filter>
    </ClInclude>
    <ClInclude Include="..\include\PanasonicRaw.h">
      <Filter>Header Files</Filter>
    </ClInclude>
    <ClInclude Include="..\include\physicaldrive.h">
      <Filter>Header Files</Filter>
    </ClInclude>
    <ClInclude Include="..\include\QuickTime.h">
      <Filter>Header Files</Filter>
    </ClInclude>
    <ClInclude Include="..\include\r3d_raw.h">
      <Filter>Header Files</Filter>
    </ClInclude>
    <ClInclude Include="..\include\RawAVI.h">
      <Filter>Header Files</Filter>
    </ClInclude>
    <ClInclude Include="..\include\RawIMD.h">
      <Filter>Header Files</Filter>
    </ClInclude>
    <ClInclude Include="..\include\RawMPEG.h">
      <Filter>Header Files</Filter>
    </ClInclude>
    <ClInclude Include="..\include\RawMTS.h">
      <Filter>Header Files</Filter>
    </ClInclude>
    <ClInclude Include="..\include\RawMXF.h">
      <Filter>Header Files</Filter>
    </ClInclude>
    <ClInclude Include="..\include\RawRIFF.h">
      <Filter>Header Files</Filter>
    </ClInclude>
    <ClInclude Include="..\include\RemoveInserts.h">
      <Filter>Header Files</Filter>
    </ClInclude>
    <ClInclude Include="..\include\SignatureTest.h">
      <Filter>Header Files</Filter>
    </ClInclude>
    <ClInclude Include="..\include\StandartRaw.h">
      <Filter>Header Files</Filter>
    </ClInclude>
    <ClInclude Include="..\include\stdafx.h">
      <Filter>Header Files</Filter>
    </ClInclude>
    <ClInclude Include="..\include\targetver.h">
      <Filter>Header Files</Filter>
    </ClInclude>
    <ClInclude Include="..\include\Temp.h">
      <Filter>Header Files</Filter>
    </ClInclude>
    <ClInclude Include="..\include\Translator.h">
      <Filter>Header Files</Filter>
    </ClInclude>
    <ClInclude Include="..\include\utility.h">
      <Filter>Header Files</Filter>
    </ClInclude>
    <ClInclude Include="..\include\XorAnalyzer.h">
      <Filter>Header Files</Filter>
    </ClInclude>
  </ItemGroup>
</Project>